
Microsoft Visual Studio Solution File, Format Version 12.00
# Visual Studio Version 17
VisualStudioVersion = 17.8.34322.80
MinimumVisualStudioVersion = 10.0.40219.1
Project("{FAE04EC0-301F-11D3-BF4B-00C04F79EFBC}") = "rainboww", "rainboww\rainboww.csproj", "{BD85CC2B-5012-49D7-A929-630E50CE3D2B}"
EndProject
Global
	GlobalSection(SolutionConfigurationPlatforms) = preSolution
		Debug|Any CPU = Debug|Any CPU
		Release|Any CPU = Release|Any CPU
	EndGlobalSection
	GlobalSection(ProjectConfigurationPlatforms) = postSolution
		{BD85CC2B-5012-49D7-A929-630E50CE3D2B}.Debug|Any CPU.ActiveCfg = Debug|Any CPU
		{BD85CC2B-5012-49D7-A929-630E50CE3D2B}.Debug|Any CPU.Build.0 = Debug|Any CPU
		{BD85CC2B-5012-49D7-A929-630E50CE3D2B}.Release|Any CPU.ActiveCfg = Release|Any CPU
		{BD85CC2B-5012-49D7-A929-630E50CE3D2B}.Release|Any CPU.Build.0 = Release|Any CPU
	EndGlobalSection
	GlobalSection(SolutionProperties) = preSolution
		HideSolutionNode = FALSE
	EndGlobalSection
	GlobalSection(ExtensibilityGlobals) = postSolution
		SolutionGuid = {7403474D-3D76-47BA-98B5-DADCCA5D4876}
	EndGlobalSection
EndGlobal
